// !$*UTF8*$!
{
	archiveVersion = 1;
	classes = {
	};
	objectVersion = 54;
	objects = {

/* Begin PBXBuildFile section */
		13B07FBF1A68108700A75B9A /* Images.xcassets in Resources */ = {isa = PBXBuildFile; fileRef = 13B07FB51A68108700A75B9A /* Images.xcassets */; };
		174AFF5953269C5845C7D7C0 /* Budget365WidgetProvider.swift in Sources */ = {isa = PBXBuildFile; fileRef = F83AE651B1C53405D804229D /* Budget365WidgetProvider.swift */; };
		2289205B244A05523A2ACE05 /* SwiftUI.framework in Frameworks */ = {isa = PBXBuildFile; fileRef = BE5327DCC63C8DF492285EDE /* SwiftUI.framework */; };
		3691E53E4233CB363EEC155E /* WidgetKit.framework in Frameworks */ = {isa = PBXBuildFile; fileRef = 351C9B15A9AAA531BE596ED2 /* WidgetKit.framework */; };
		3AF29715FDDA9286D2FEA770 /* Budget365WidgetView.swift in Sources */ = {isa = PBXBuildFile; fileRef = 81644242F94C6740DDE46E78 /* Budget365WidgetView.swift */; };
		3F958A3169B863B625B42D9D /* TokenSyncModule.m in Sources */ = {isa = PBXBuildFile; fileRef = DE338C856EB19CCFB49DC520 /* TokenSyncModule.m */; };
		5262CD83CBB5A5CD30AB1106 /* Foundation.framework in Frameworks */ = {isa = PBXBuildFile; fileRef = 7E7F088B162591FB5C8D6D25 /* Foundation.framework */; };
		5CA475404B60F708A681C4C7 /* Budget365ShortcutsWidget.swift in Sources */ = {isa = PBXBuildFile; fileRef = 874FD74B79C2CBF6662335BE /* Budget365ShortcutsWidget.swift */; };
		720B8BB79DF5F8F7C2874299 /* Budget365Widget.swift in Sources */ = {isa = PBXBuildFile; fileRef = CDFD228C8BB9BD3B5C68F557 /* Budget365Widget.swift */; };
		761780ED2CA45674006654EE /* AppDelegate.swift in Sources */ = {isa = PBXBuildFile; fileRef = 761780EC2CA45674006654EE /* AppDelegate.swift */; };
		7FC2BA9AE891898E5C8D09E1 /* Budget365Widgets.swift in Sources */ = {isa = PBXBuildFile; fileRef = 7A406CDDAB1621DB531C2F4F /* Budget365Widgets.swift */; };
		813A59AFB08ED4660C1DDF93 /* PrivacyInfo.xcprivacy in Resources */ = {isa = PBXBuildFile; fileRef = 13B07FB81A68108700A75B9A /* PrivacyInfo.xcprivacy */; };
		81AB9BB82411601600AC10FF /* LaunchScreen.storyboard in Resources */ = {isa = PBXBuildFile; fileRef = 81AB9BB72411601600AC10FF /* LaunchScreen.storyboard */; };
		9D83D7CFA8313A504DF8BD66 /* Budget365Widget.appex in Embed App Extensions */ = {isa = PBXBuildFile; fileRef = CBBF902366079B5EF2D22572 /* Budget365Widget.appex */; };
		C76C45344C91231E3BE409D9 /* Budget365ShortcutsWidgetView.swift in Sources */ = {isa = PBXBuildFile; fileRef = D7441A16372C7DF0AB356A22 /* Budget365ShortcutsWidgetView.swift */; };
		CCACA8424B2519BCDFA2F7C2 /* libPods-Budget365.a in Frameworks */ = {isa = PBXBuildFile; fileRef = D1BB7A0AE884DF884E46141A /* libPods-Budget365.a */; };
/* End PBXBuildFile section */

/* Begin PBXContainerItemProxy section */
		8C47B8258B81ACC3BD1505F7 /* PBXContainerItemProxy */ = {
			isa = PBXContainerItemProxy;
			containerPortal = 83CBB9F71A601CBA00E9B192 /* Project object */;
			proxyType = 1;
			remoteGlobalIDString = 48C66751E521DCB8BF92C170;
			remoteInfo = Budget365Widget;
		};
/* End PBXContainerItemProxy section */

/* Begin PBXCopyFilesBuildPhase section */
		D21AD0F74515D5A8C49E0A43 /* Embed App Extensions */ = {
			isa = PBXCopyFilesBuildPhase;
			buildActionMask = 2147483647;
			dstPath = "";
			dstSubfolderSpec = 16;
			files = (
				9D83D7CFA8313A504DF8BD66 /* Budget365Widget.appex in Embed App Extensions */,
			);
			name = "Embed App Extensions";
			runOnlyForDeploymentPostprocessing = 0;
		};
/* End PBXCopyFilesBuildPhase section */

/* Begin PBXFileReference section */
		13B07F961A680F5B00A75B9A /* Budget365.app */ = {isa = PBXFileReference; explicitFileType = wrapper.application; includeInIndex = 0; path = Budget365.app; sourceTree = BUILT_PRODUCTS_DIR; };
		13B07FB51A68108700A75B9A /* Images.xcassets */ = {isa = PBXFileReference; lastKnownFileType = folder.assetcatalog; name = Images.xcassets; path = Budget365/Images.xcassets; sourceTree = "<group>"; };
		13B07FB61A68108700A75B9A /* Info.plist */ = {isa = PBXFileReference; fileEncoding = 4; lastKnownFileType = text.plist.xml; name = Info.plist; path = Budget365/Info.plist; sourceTree = "<group>"; };
		13B07FB81A68108700A75B9A /* PrivacyInfo.xcprivacy */ = {isa = PBXFileReference; fileEncoding = 4; lastKnownFileType = text.plist.xml; name = PrivacyInfo.xcprivacy; path = Budget365/PrivacyInfo.xcprivacy; sourceTree = "<group>"; };
		351C9B15A9AAA531BE596ED2 /* WidgetKit.framework */ = {isa = PBXFileReference; lastKnownFileType = wrapper.framework; name = WidgetKit.framework; path = Platforms/iPhoneOS.platform/Developer/SDKs/iPhoneOS18.0.sdk/System/Library/Frameworks/WidgetKit.framework; sourceTree = DEVELOPER_DIR; };
		354E88F178E50BFD2ED567EA /* Pods-Budget365.release.xcconfig */ = {isa = PBXFileReference; includeInIndex = 1; lastKnownFileType = text.xcconfig; name = "Pods-Budget365.release.xcconfig"; path = "Target Support Files/Pods-Budget365/Pods-Budget365.release.xcconfig"; sourceTree = "<group>"; };
		761780EC2CA45674006654EE /* AppDelegate.swift */ = {isa = PBXFileReference; lastKnownFileType = sourcecode.swift; name = AppDelegate.swift; path = Budget365/AppDelegate.swift; sourceTree = "<group>"; };
		7A406CDDAB1621DB531C2F4F /* Budget365Widgets.swift */ = {isa = PBXFileReference; includeInIndex = 1; lastKnownFileType = sourcecode.swift; name = Budget365Widgets.swift; path = Budget365Widget/Budget365Widgets.swift; sourceTree = "<group>"; };
		7E7F088B162591FB5C8D6D25 /* Foundation.framework */ = {isa = PBXFileReference; lastKnownFileType = wrapper.framework; name = Foundation.framework; path = Platforms/iPhoneOS.platform/Developer/SDKs/iPhoneOS18.0.sdk/System/Library/Frameworks/Foundation.framework; sourceTree = DEVELOPER_DIR; };
		81644242F94C6740DDE46E78 /* Budget365WidgetView.swift */ = {isa = PBXFileReference; includeInIndex = 1; lastKnownFileType = sourcecode.swift; name = Budget365WidgetView.swift; path = Budget365Widget/Budget365WidgetView.swift; sourceTree = "<group>"; };
		81AB9BB72411601600AC10FF /* LaunchScreen.storyboard */ = {isa = PBXFileReference; fileEncoding = 4; lastKnownFileType = file.storyboard; name = LaunchScreen.storyboard; path = Budget365/LaunchScreen.storyboard; sourceTree = "<group>"; };
		874FD74B79C2CBF6662335BE /* Budget365ShortcutsWidget.swift */ = {isa = PBXFileReference; includeInIndex = 1; lastKnownFileType = sourcecode.swift; name = Budget365ShortcutsWidget.swift; path = Budget365Widget/Budget365ShortcutsWidget.swift; sourceTree = "<group>"; };
		BE5327DCC63C8DF492285EDE /* SwiftUI.framework */ = {isa = PBXFileReference; lastKnownFileType = wrapper.framework; name = SwiftUI.framework; path = Platforms/iPhoneOS.platform/Developer/SDKs/iPhoneOS18.0.sdk/System/Library/Frameworks/SwiftUI.framework; sourceTree = DEVELOPER_DIR; };
		CBBF902366079B5EF2D22572 /* Budget365Widget.appex */ = {isa = PBXFileReference; explicitFileType = "wrapper.app-extension"; includeInIndex = 0; path = Budget365Widget.appex; sourceTree = BUILT_PRODUCTS_DIR; };
		CDFD228C8BB9BD3B5C68F557 /* Budget365Widget.swift */ = {isa = PBXFileReference; includeInIndex = 1; lastKnownFileType = sourcecode.swift; name = Budget365Widget.swift; path = Budget365Widget/Budget365Widget.swift; sourceTree = "<group>"; };
		CE2E3729ED849A0CAAEF4BDE /* Info.plist */ = {isa = PBXFileReference; includeInIndex = 1; lastKnownFileType = text.plist.xml; name = Info.plist; path = Budget365Widget/Info.plist; sourceTree = "<group>"; };
		D1BB7A0AE884DF884E46141A /* libPods-Budget365.a */ = {isa = PBXFileReference; explicitFileType = archive.ar; includeInIndex = 0; path = "libPods-Budget365.a"; sourceTree = BUILT_PRODUCTS_DIR; };
		D7441A16372C7DF0AB356A22 /* Budget365ShortcutsWidgetView.swift */ = {isa = PBXFileReference; includeInIndex = 1; lastKnownFileType = sourcecode.swift; name = Budget365ShortcutsWidgetView.swift; path = Budget365Widget/Budget365ShortcutsWidgetView.swift; sourceTree = "<group>"; };
		DE338C856EB19CCFB49DC520 /* TokenSyncModule.m */ = {isa = PBXFileReference; includeInIndex = 1; lastKnownFileType = sourcecode.c.objc; name = TokenSyncModule.m; path = Budget365/TokenSyncModule.m; sourceTree = "<group>"; };
		DF26FD5413B5C4A98776929A /* Pods-Budget365.debug.xcconfig */ = {isa = PBXFileReference; includeInIndex = 1; lastKnownFileType = text.xcconfig; name = "Pods-Budget365.debug.xcconfig"; path = "Target Support Files/Pods-Budget365/Pods-Budget365.debug.xcconfig"; sourceTree = "<group>"; };
		ED297162215061F000B7C4FE /* JavaScriptCore.framework */ = {isa = PBXFileReference; lastKnownFileType = wrapper.framework; name = JavaScriptCore.framework; path = System/Library/Frameworks/JavaScriptCore.framework; sourceTree = SDKROOT; };
		F83AE651B1C53405D804229D /* Budget365WidgetProvider.swift */ = {isa = PBXFileReference; includeInIndex = 1; lastKnownFileType = sourcecode.swift; name = Budget365WidgetProvider.swift; path = Budget365Widget/Budget365WidgetProvider.swift; sourceTree = "<group>"; };
/* End PBXFileReference section */

/* Begin PBXFrameworksBuildPhase section */
		13B07F8C1A680F5B00A75B9A /* Frameworks */ = {
			isa = PBXFrameworksBuildPhase;
			buildActionMask = 2147483647;
			files = (
				CCACA8424B2519BCDFA2F7C2 /* libPods-Budget365.a in Frameworks */,
			);
			runOnlyForDeploymentPostprocessing = 0;
		};
		D4102050C50DA5013997664D /* Frameworks */ = {
			isa = PBXFrameworksBuildPhase;
			buildActionMask = 2147483647;
			files = (
				5262CD83CBB5A5CD30AB1106 /* Foundation.framework in Frameworks */,
				3691E53E4233CB363EEC155E /* WidgetKit.framework in Frameworks */,
				2289205B244A05523A2ACE05 /* SwiftUI.framework in Frameworks */,
			);
			runOnlyForDeploymentPostprocessing = 0;
		};
/* End PBXFrameworksBuildPhase section */

/* Begin PBXGroup section */
		13B07FAE1A68108700A75B9A /* Budget365 */ = {
			isa = PBXGroup;
			children = (
				13B07FB51A68108700A75B9A /* Images.xcassets */,
				761780EC2CA45674006654EE /* AppDelegate.swift */,
				13B07FB61A68108700A75B9A /* Info.plist */,
				81AB9BB72411601600AC10FF /* LaunchScreen.storyboard */,
				13B07FB81A68108700A75B9A /* PrivacyInfo.xcprivacy */,
			);
			name = Budget365;
			sourceTree = "<group>";
		};
		2D16E6871FA4F8E400B85C8A /* Frameworks */ = {
			isa = PBXGroup;
			children = (
				ED297162215061F000B7C4FE /* JavaScriptCore.framework */,
				D1BB7A0AE884DF884E46141A /* libPods-Budget365.a */,
				E45406C2F0EDAF7426F9B5F9 /* iOS */,
			);
			name = Frameworks;
			sourceTree = "<group>";
		};
		2E64305E7C18879996F95621 /* Budget365Widget */ = {
			isa = PBXGroup;
			children = (
				7A406CDDAB1621DB531C2F4F /* Budget365Widgets.swift */,
				874FD74B79C2CBF6662335BE /* Budget365ShortcutsWidget.swift */,
				D7441A16372C7DF0AB356A22 /* Budget365ShortcutsWidgetView.swift */,
			);
			name = Budget365Widget;
			sourceTree = "<group>";
		};
		832341AE1AAA6A7D00B99B32 /* Libraries */ = {
			isa = PBXGroup;
			children = (
			);
			name = Libraries;
			sourceTree = "<group>";
		};
		83CBB9F61A601CBA00E9B192 = {
			isa = PBXGroup;
			children = (
				13B07FAE1A68108700A75B9A /* Budget365 */,
				832341AE1AAA6A7D00B99B32 /* Libraries */,
				83CBBA001A601CBA00E9B192 /* Products */,
				2D16E6871FA4F8E400B85C8A /* Frameworks */,
				BBD78D7AC51CEA395F1C20DB /* Pods */,
				DE338C856EB19CCFB49DC520 /* TokenSyncModule.m */,
				CDFD228C8BB9BD3B5C68F557 /* Budget365Widget.swift */,
				F83AE651B1C53405D804229D /* Budget365WidgetProvider.swift */,
				81644242F94C6740DDE46E78 /* Budget365WidgetView.swift */,
				CE2E3729ED849A0CAAEF4BDE /* Info.plist */,
				2E64305E7C18879996F95621 /* Budget365Widget */,
			);
			indentWidth = 2;
			sourceTree = "<group>";
			tabWidth = 2;
			usesTabs = 0;
		};
		83CBBA001A601CBA00E9B192 /* Products */ = {
			isa = PBXGroup;
			children = (
				13B07F961A680F5B00A75B9A /* Budget365.app */,
				CBBF902366079B5EF2D22572 /* Budget365Widget.appex */,
			);
			name = Products;
			sourceTree = "<group>";
		};
		BBD78D7AC51CEA395F1C20DB /* Pods */ = {
			isa = PBXGroup;
			children = (
				DF26FD5413B5C4A98776929A /* Pods-Budget365.debug.xcconfig */,
				354E88F178E50BFD2ED567EA /* Pods-Budget365.release.xcconfig */,
			);
			path = Pods;
			sourceTree = "<group>";
		};
		E45406C2F0EDAF7426F9B5F9 /* iOS */ = {
			isa = PBXGroup;
			children = (
				7E7F088B162591FB5C8D6D25 /* Foundation.framework */,
				351C9B15A9AAA531BE596ED2 /* WidgetKit.framework */,
				BE5327DCC63C8DF492285EDE /* SwiftUI.framework */,
			);
			name = iOS;
			sourceTree = "<group>";
		};
/* End PBXGroup section */

/* Begin PBXNativeTarget section */
		13B07F861A680F5B00A75B9A /* Budget365 */ = {
			isa = PBXNativeTarget;
			buildConfigurationList = 13B07F931A680F5B00A75B9A /* Build configuration list for PBXNativeTarget "Budget365" */;
			buildPhases = (
				4E83F850113F79FF13932EFD /* [CP] Check Pods Manifest.lock */,
				13B07F871A680F5B00A75B9A /* Sources */,
				13B07F8C1A680F5B00A75B9A /* Frameworks */,
				13B07F8E1A680F5B00A75B9A /* Resources */,
				00DD1BFF1BD5951E006B06BC /* Bundle React Native code and images */,
				09B1E1A53F76E97DA48C2503 /* [CP] Embed Pods Frameworks */,
				8B41AA1624EDF0BD3A9AEF1F /* [CP] Copy Pods Resources */,
				D21AD0F74515D5A8C49E0A43 /* Embed App Extensions */,
				918FD9D132FF8A719661D113 /* [Hermes] Embed Widget Extension */,
			);
			buildRules = (
			);
			dependencies = (
				C399F75D0C43B64F3EF4651D /* PBXTargetDependency */,
			);
			name = Budget365;
			productName = Budget365;
			productReference = 13B07F961A680F5B00A75B9A /* Budget365.app */;
			productType = "com.apple.product-type.application";
		};
		48C66751E521DCB8BF92C170 /* Budget365Widget */ = {
			isa = PBXNativeTarget;
			buildConfigurationList = D57C99852D33525A37911BFE /* Build configuration list for PBXNativeTarget "Budget365Widget" */;
			buildPhases = (
				545DD693506C0949A521A781 /* Sources */,
				D4102050C50DA5013997664D /* Frameworks */,
				4538EFB407952B760AE47A81 /* Resources */,
			);
			buildRules = (
			);
			dependencies = (
			);
			name = Budget365Widget;
			productName = Budget365Widget;
			productReference = CBBF902366079B5EF2D22572 /* Budget365Widget.appex */;
			productType = "com.apple.product-type.app-extension";
		};
/* End PBXNativeTarget section */

/* Begin PBXProject section */
		83CBB9F71A601CBA00E9B192 /* Project object */ = {
			isa = PBXProject;
			attributes = {
				LastUpgradeCheck = 1210;
				TargetAttributes = {
					13B07F861A680F5B00A75B9A = {
						LastSwiftMigration = 1120;
					};
				};
			};
			buildConfigurationList = 83CBB9FA1A601CBA00E9B192 /* Build configuration list for PBXProject "Budget365" */;
			compatibilityVersion = "Xcode 12.0";
			developmentRegion = en;
			hasScannedForEncodings = 0;
			knownRegions = (
				en,
				Base,
			);
			mainGroup = 83CBB9F61A601CBA00E9B192;
			productRefGroup = 83CBBA001A601CBA00E9B192 /* Products */;
			projectDirPath = "";
			projectRoot = "";
			targets = (
				13B07F861A680F5B00A75B9A /* Budget365 */,
				48C66751E521DCB8BF92C170 /* Budget365Widget */,
			);
		};
/* End PBXProject section */

/* Begin PBXResourcesBuildPhase section */
		13B07F8E1A680F5B00A75B9A /* Resources */ = {
			isa = PBXResourcesBuildPhase;
			buildActionMask = 2147483647;
			files = (
				81AB9BB82411601600AC10FF /* LaunchScreen.storyboard in Resources */,
				13B07FBF1A68108700A75B9A /* Images.xcassets in Resources */,
				813A59AFB08ED4660C1DDF93 /* PrivacyInfo.xcprivacy in Resources */,
			);
			runOnlyForDeploymentPostprocessing = 0;
		};
		4538EFB407952B760AE47A81 /* Resources */ = {
			isa = PBXResourcesBuildPhase;
			buildActionMask = 2147483647;
			files = (
			);
			runOnlyForDeploymentPostprocessing = 0;
		};
/* End PBXResourcesBuildPhase section */

/* Begin PBXShellScriptBuildPhase section */
		00DD1BFF1BD5951E006B06BC /* Bundle React Native code and images */ = {
			isa = PBXShellScriptBuildPhase;
			buildActionMask = 2147483647;
			files = (
			);
			inputPaths = (
				"$(SRCROOT)/.xcode.env.local",
				"$(SRCROOT)/.xcode.env",
			);
			name = "Bundle React Native code and images";
			outputPaths = (
				"$(DERIVED_FILE_DIR)/main.jsbundle",
			);
			runOnlyForDeploymentPostprocessing = 0;
			shellPath = /bin/sh;
			shellScript = "set -e\n\nWITH_ENVIRONMENT=\"$REACT_NATIVE_PATH/scripts/xcode/with-environment.sh\"\nREACT_NATIVE_XCODE=\"$REACT_NATIVE_PATH/scripts/react-native-xcode.sh\"\n\n/bin/sh -c \"$WITH_ENVIRONMENT $REACT_NATIVE_XCODE\"\n";
		};
		09B1E1A53F76E97DA48C2503 /* [CP] Embed Pods Frameworks */ = {
			isa = PBXShellScriptBuildPhase;
			buildActionMask = 2147483647;
			files = (
			);
			inputFileListPaths = (
				"${PODS_ROOT}/Target Support Files/Pods-Budget365/Pods-Budget365-frameworks-${CONFIGURATION}-input-files.xcfilelist",
			);
			name = "[CP] Embed Pods Frameworks";
			outputFileListPaths = (
				"${PODS_ROOT}/Target Support Files/Pods-Budget365/Pods-Budget365-frameworks-${CONFIGURATION}-output-files.xcfilelist",
			);
			runOnlyForDeploymentPostprocessing = 0;
			shellPath = /bin/sh;
			shellScript = "\"${PODS_ROOT}/Target Support Files/Pods-Budget365/Pods-Budget365-frameworks.sh\"\n";
			showEnvVarsInLog = 0;
		};
		4E83F850113F79FF13932EFD /* [CP] Check Pods Manifest.lock */ = {
			isa = PBXShellScriptBuildPhase;
			buildActionMask = 2147483647;
			files = (
			);
			inputFileListPaths = (
			);
			inputPaths = (
				"${PODS_PODFILE_DIR_PATH}/Podfile.lock",
				"${PODS_ROOT}/Manifest.lock",
			);
			name = "[CP] Check Pods Manifest.lock";
			outputFileListPaths = (
			);
			outputPaths = (
				"$(DERIVED_FILE_DIR)/Pods-Budget365-checkManifestLockResult.txt",
			);
			runOnlyForDeploymentPostprocessing = 0;
			shellPath = /bin/sh;
			shellScript = "diff \"${PODS_PODFILE_DIR_PATH}/Podfile.lock\" \"${PODS_ROOT}/Manifest.lock\" > /dev/null\nif [ $? != 0 ] ; then\n    # print error to STDERR\n    echo \"error: The sandbox is not in sync with the Podfile.lock. Run 'pod install' or update your CocoaPods installation.\" >&2\n    exit 1\nfi\n# This output is used by Xcode 'outputs' to avoid re-running this script phase.\necho \"SUCCESS\" > \"${SCRIPT_OUTPUT_FILE_0}\"\n";
			showEnvVarsInLog = 0;
		};
		8B41AA1624EDF0BD3A9AEF1F /* [CP] Copy Pods Resources */ = {
			isa = PBXShellScriptBuildPhase;
			buildActionMask = 2147483647;
			files = (
			);
			inputFileListPaths = (
				"${PODS_ROOT}/Target Support Files/Pods-Budget365/Pods-Budget365-resources-${CONFIGURATION}-input-files.xcfilelist",
			);
			name = "[CP] Copy Pods Resources";
			outputFileListPaths = (
				"${PODS_ROOT}/Target Support Files/Pods-Budget365/Pods-Budget365-resources-${CONFIGURATION}-output-files.xcfilelist",
			);
			runOnlyForDeploymentPostprocessing = 0;
			shellPath = /bin/sh;
			shellScript = "\"${PODS_ROOT}/Target Support Files/Pods-Budget365/Pods-Budget365-resources.sh\"\n";
			showEnvVarsInLog = 0;
		};
		918FD9D132FF8A719661D113 /* [Hermes] Embed Widget Extension */ = {
			isa = PBXShellScriptBuildPhase;
			buildActionMask = 2147483647;
			files = (
			);
			inputFileListPaths = (
			);
			inputPaths = (
			);
			name = "[Hermes] Embed Widget Extension";
			outputFileListPaths = (
			);
			outputPaths = (
			);
			runOnlyForDeploymentPostprocessing = 0;
			shellPath = /bin/sh;
			shellScript = "# Copy widget extension into PlugIns\nPLUGINS_DIR=\"${CODESIGNING_FOLDER_PATH}/PlugIns\"\nAPPEX=\"${BUILT_PRODUCTS_DIR}/Budget365Widget.appex\"\nif [ -d \"$APPEX\" ] && [ ! -d \"$PLUGINS_DIR/Budget365Widget.appex\" ]; then\n  mkdir -p \"$PLUGINS_DIR\"\n  cp -R \"$APPEX\" \"$PLUGINS_DIR/\"\n  echo \"Widget extension embedded: $APPEX\"\nelif [ -d \"$APPEX\" ]; then\n  rsync -a --delete \"$APPEX/\" \"$PLUGINS_DIR/Budget365Widget.appex/\"\nfi\n";
		};
/* End PBXShellScriptBuildPhase section */

/* Begin PBXSourcesBuildPhase section */
		13B07F871A680F5B00A75B9A /* Sources */ = {
			isa = PBXSourcesBuildPhase;
			buildActionMask = 2147483647;
			files = (
				761780ED2CA45674006654EE /* AppDelegate.swift in Sources */,
				3F958A3169B863B625B42D9D /* TokenSyncModule.m in Sources */,
			);
			runOnlyForDeploymentPostprocessing = 0;
		};
		545DD693506C0949A521A781 /* Sources */ = {
			isa = PBXSourcesBuildPhase;
			buildActionMask = 2147483647;
			files = (
				720B8BB79DF5F8F7C2874299 /* Budget365Widget.swift in Sources */,
				174AFF5953269C5845C7D7C0 /* Budget365WidgetProvider.swift in Sources */,
				3AF29715FDDA9286D2FEA770 /* Budget365WidgetView.swift in Sources */,
				7FC2BA9AE891898E5C8D09E1 /* Budget365Widgets.swift in Sources */,
				5CA475404B60F708A681C4C7 /* Budget365ShortcutsWidget.swift in Sources */,
				C76C45344C91231E3BE409D9 /* Budget365ShortcutsWidgetView.swift in Sources */,
			);
			runOnlyForDeploymentPostprocessing = 0;
		};
/* End PBXSourcesBuildPhase section */

/* Begin PBXTargetDependency section */
		C399F75D0C43B64F3EF4651D /* PBXTargetDependency */ = {
			isa = PBXTargetDependency;
			name = Budget365Widget;
			target = 48C66751E521DCB8BF92C170 /* Budget365Widget */;
			targetProxy = 8C47B8258B81ACC3BD1505F7 /* PBXContainerItemProxy */;
		};
/* End PBXTargetDependency section */

/* Begin XCBuildConfiguration section */
		13B07F941A680F5B00A75B9A /* Debug */ = {
			isa = XCBuildConfiguration;
			baseConfigurationReference = DF26FD5413B5C4A98776929A /* Pods-Budget365.debug.xcconfig */;
			buildSettings = {
				ASSETCATALOG_COMPILER_APPICON_NAME = AppIcon;
				CLANG_ENABLE_MODULES = YES;
				CODE_SIGN_ENTITLEMENTS = Budget365/Budget365.entitlements;
				CURRENT_PROJECT_VERSION = 106;
				DEVELOPMENT_TEAM = 4A5H2U7Q42;
				ENABLE_BITCODE = NO;
				ENABLE_USER_SCRIPT_SANDBOXING = NO;
				INFOPLIST_FILE = Budget365/Info.plist;
				INFOPLIST_KEY_CFBundleDisplayName = "Budget 365 Pro";
				INFOPLIST_KEY_LSApplicationCategoryType = "public.app-category.finance";
				IPHONEOS_DEPLOYMENT_TARGET = 15.1;
				LD_RUNPATH_SEARCH_PATHS = (
					"$(inherited)",
					"@executable_path/Frameworks",
				);
				MARKETING_VERSION = 4.6;
				OTHER_LDFLAGS = (
					"$(inherited)",
					"-ObjC",
				);
				PRODUCT_BUNDLE_IDENTIFIER = com.keape.budget365;
				PRODUCT_NAME = Budget365;
				RUN_CLANG_STATIC_ANALYZER = NO;
				SWIFT_OPTIMIZATION_LEVEL = "-Onone";
				SWIFT_VERSION = 5.0;
				SYSTEM_CAPABILITIES = com.apple.ApplicationGroups.iOS;
				TARGETED_DEVICE_FAMILY = "1,2";
				VERSIONING_SYSTEM = "apple-generic";
			};
			name = Debug;
		};
		13B07F951A680F5B00A75B9A /* Release */ = {
			isa = XCBuildConfiguration;
			baseConfigurationReference = 354E88F178E50BFD2ED567EA /* Pods-Budget365.release.xcconfig */;
			buildSettings = {
				ASSETCATALOG_COMPILER_APPICON_NAME = AppIcon;
				CLANG_ENABLE_MODULES = YES;
				CODE_SIGN_ENTITLEMENTS = Budget365/Budget365.entitlements;
				CURRENT_PROJECT_VERSION = 106;
				DEBUG_INFORMATION_FORMAT = "dwarf-with-dsym";
				DEVELOPMENT_TEAM = 4A5H2U7Q42;
				ENABLE_USER_SCRIPT_SANDBOXING = NO;
				INFOPLIST_FILE = Budget365/Info.plist;
				INFOPLIST_KEY_CFBundleDisplayName = "Budget 365 Pro";
				INFOPLIST_KEY_LSApplicationCategoryType = "public.app-category.finance";
				IPHONEOS_DEPLOYMENT_TARGET = 15.1;
				LD_RUNPATH_SEARCH_PATHS = (
					"$(inherited)",
					"@executable_path/Frameworks",
				);
				MARKETING_VERSION = 4.6;
				OTHER_LDFLAGS = (
					"$(inherited)",
					"-ObjC",
				);
				PRODUCT_BUNDLE_IDENTIFIER = com.keape.budget365;
				PRODUCT_NAME = Budget365;
				RUN_CLANG_STATIC_ANALYZER = NO;
				SWIFT_VERSION = 5.0;
				SYSTEM_CAPABILITIES = com.apple.ApplicationGroups.iOS;
				TARGETED_DEVICE_FAMILY = "1,2";
				VERSIONING_SYSTEM = "apple-generic";
			};
			name = Release;
		};
		412E2C0A29320B74921FA179 /* Debug */ = {
			isa = XCBuildConfiguration;
			buildSettings = {
				BUNDLE_ID_PREFIX = com.keape.budget365;
				CURRENT_PROJECT_VERSION = 106;
				MARKETING_VERSION = 4.6;
				CODE_SIGN_ENTITLEMENTS = Budget365Widget/Budget365Widget.entitlements;
				DEVELOPMENT_TEAM = 4A5H2U7Q42;
				INFOPLIST_FILE = Budget365Widget/Info.plist;
				INSTALL_PATH = "$(LOCAL_APPS_DIR)";
				IPHONEOS_DEPLOYMENT_TARGET = 15.1;
				PRODUCT_BUNDLE_IDENTIFIER = "$(BUNDLE_ID_PREFIX).Budget365Widget";
				PRODUCT_NAME = "$(TARGET_NAME)";
				SDKROOT = iphoneos;
				SKIP_INSTALL = NO;
				SWIFT_VERSION = 5.0;
				SYSTEM_CAPABILITIES = com.apple.ApplicationGroups.iOS;
			};
			name = Debug;
		};
		43B4A6DD6B782BE3F896FF8E /* Release */ = {
			isa = XCBuildConfiguration;
			buildSettings = {
				BUNDLE_ID_PREFIX = com.keape.budget365;
				CURRENT_PROJECT_VERSION = 106;
				MARKETING_VERSION = 4.6;
				CODE_SIGN_ENTITLEMENTS = Budget365Widget/Budget365Widget.entitlements;
				DEVELOPMENT_TEAM = 4A5H2U7Q42;
				INFOPLIST_FILE = Budget365Widget/Info.plist;
				INSTALL_PATH = "$(LOCAL_APPS_DIR)";
				IPHONEOS_DEPLOYMENT_TARGET = 15.1;
				PRODUCT_BUNDLE_IDENTIFIER = "$(BUNDLE_ID_PREFIX).Budget365Widget";
				PRODUCT_NAME = "$(TARGET_NAME)";
				SDKROOT = iphoneos;
				SKIP_INSTALL = NO;
				SWIFT_VERSION = 5.0;
				SYSTEM_CAPABILITIES = com.apple.ApplicationGroups.iOS;
				VALIDATE_PRODUCT = YES;
			};
			name = Release;
		};
		83CBBA201A601CBA00E9B192 /* Debug */ = {
			isa = XCBuildConfiguration;
			buildSettings = {
				ALWAYS_SEARCH_USER_PATHS = NO;
				CLANG_ANALYZER_LOCALIZABILITY_NONLOCALIZED = YES;
				CLANG_CXX_LANGUAGE_STANDARD = "c++20";
				CLANG_CXX_LIBRARY = "libc++";
				CLANG_ENABLE_MODULES = YES;
				CLANG_ENABLE_OBJC_ARC = YES;
				CLANG_WARN_BLOCK_CAPTURE_AUTORELEASING = YES;
				CLANG_WARN_BOOL_CONVERSION = YES;
				CLANG_WARN_COMMA = YES;
				CLANG_WARN_CONSTANT_CONVERSION = YES;
				CLANG_WARN_DEPRECATED_OBJC_IMPLEMENTATIONS = YES;
				CLANG_WARN_DIRECT_OBJC_ISA_USAGE = YES_ERROR;
				CLANG_WARN_EMPTY_BODY = YES;
				CLANG_WARN_ENUM_CONVERSION = YES;
				CLANG_WARN_INFINITE_RECURSION = YES;
				CLANG_WARN_INT_CONVERSION = YES;
				CLANG_WARN_NON_LITERAL_NULL_CONVERSION = YES;
				CLANG_WARN_OBJC_IMPLICIT_RETAIN_SELF = YES;
				CLANG_WARN_OBJC_LITERAL_CONVERSION = YES;
				CLANG_WARN_OBJC_ROOT_CLASS = YES_ERROR;
				CLANG_WARN_QUOTED_INCLUDE_IN_FRAMEWORK_HEADER = YES;
				CLANG_WARN_RANGE_LOOP_ANALYSIS = YES;
				CLANG_WARN_STRICT_PROTOTYPES = YES;
				CLANG_WARN_SUSPICIOUS_MOVE = YES;
				CLANG_WARN_UNREACHABLE_CODE = YES;
				CLANG_WARN__DUPLICATE_METHOD_MATCH = YES;
				"CODE_SIGN_IDENTITY[sdk=iphoneos*]" = "iPhone Developer";
				COPY_PHASE_STRIP = NO;
				ENABLE_STRICT_OBJC_MSGSEND = YES;
				ENABLE_TESTABILITY = YES;
				ENABLE_USER_SCRIPT_SANDBOXING = NO;
				"EXCLUDED_ARCHS[sdk=iphonesimulator*]" = "";
				GCC_C_LANGUAGE_STANDARD = gnu99;
				GCC_DYNAMIC_NO_PIC = NO;
				GCC_NO_COMMON_BLOCKS = YES;
				GCC_OPTIMIZATION_LEVEL = 0;
				GCC_PREPROCESSOR_DEFINITIONS = (
					"DEBUG=1",
					"$(inherited)",
				);
				GCC_SYMBOLS_PRIVATE_EXTERN = NO;
				GCC_WARN_64_TO_32_BIT_CONVERSION = YES;
				GCC_WARN_ABOUT_RETURN_TYPE = YES_ERROR;
				GCC_WARN_UNDECLARED_SELECTOR = YES;
				GCC_WARN_UNINITIALIZED_AUTOS = YES_AGGRESSIVE;
				GCC_WARN_UNUSED_FUNCTION = YES;
				GCC_WARN_UNUSED_VARIABLE = YES;
				IPHONEOS_DEPLOYMENT_TARGET = 15.1;
				LD_RUNPATH_SEARCH_PATHS = (
					/usr/lib/swift,
					"$(inherited)",
				);
				LIBRARY_SEARCH_PATHS = (
					"\"$(SDKROOT)/usr/lib/swift\"",
					"\"$(TOOLCHAIN_DIR)/usr/lib/swift/$(PLATFORM_NAME)\"",
					"\"$(inherited)\"",
				);
				MTL_ENABLE_DEBUG_INFO = YES;
				ONLY_ACTIVE_ARCH = YES;
				OTHER_CPLUSPLUSFLAGS = (
					"$(OTHER_CFLAGS)",
					"-DFOLLY_NO_CONFIG",
					"-DFOLLY_MOBILE=1",
					"-DFOLLY_USE_LIBCPP=1",
					"-DFOLLY_CFG_NO_COROUTINES=1",
					"-DFOLLY_HAVE_CLOCK_GETTIME=1",
				);
				OTHER_LDFLAGS = (
					"$(inherited)",
					" ",
				);
				REACT_NATIVE_PATH = "${PODS_ROOT}/../../node_modules/react-native";
				RUN_CLANG_STATIC_ANALYZER = NO;
				SDKROOT = iphoneos;
				SWIFT_ACTIVE_COMPILATION_CONDITIONS = "$(inherited) DEBUG";
				TARGETED_DEVICE_FAMILY = "1,2";
				USE_HERMES = true;
			};
			name = Debug;
		};
		83CBBA211A601CBA00E9B192 /* Release */ = {
			isa = XCBuildConfiguration;
			buildSettings = {
				ALWAYS_SEARCH_USER_PATHS = NO;
				CLANG_ANALYZER_LOCALIZABILITY_NONLOCALIZED = YES;
				CLANG_CXX_LANGUAGE_STANDARD = "c++20";
				CLANG_CXX_LIBRARY = "libc++";
				CLANG_ENABLE_MODULES = YES;
				CLANG_ENABLE_OBJC_ARC = YES;
				CLANG_WARN_BLOCK_CAPTURE_AUTORELEASING = YES;
				CLANG_WARN_BOOL_CONVERSION = YES;
				CLANG_WARN_COMMA = YES;
				CLANG_WARN_CONSTANT_CONVERSION = YES;
				CLANG_WARN_DEPRECATED_OBJC_IMPLEMENTATIONS = YES;
				CLANG_WARN_DIRECT_OBJC_ISA_USAGE = YES_ERROR;
				CLANG_WARN_EMPTY_BODY = YES;
				CLANG_WARN_ENUM_CONVERSION = YES;
				CLANG_WARN_INFINITE_RECURSION = YES;
				CLANG_WARN_INT_CONVERSION = YES;
				CLANG_WARN_NON_LITERAL_NULL_CONVERSION = YES;
				CLANG_WARN_OBJC_IMPLICIT_RETAIN_SELF = YES;
				CLANG_WARN_OBJC_LITERAL_CONVERSION = YES;
				CLANG_WARN_OBJC_ROOT_CLASS = YES_ERROR;
				CLANG_WARN_QUOTED_INCLUDE_IN_FRAMEWORK_HEADER = YES;
				CLANG_WARN_RANGE_LOOP_ANALYSIS = YES;
				CLANG_WARN_STRICT_PROTOTYPES = YES;
				CLANG_WARN_SUSPICIOUS_MOVE = YES;
				CLANG_WARN_UNREACHABLE_CODE = YES;
				CLANG_WARN__DUPLICATE_METHOD_MATCH = YES;
				"CODE_SIGN_IDENTITY[sdk=iphoneos*]" = "iPhone Developer";
				COPY_PHASE_STRIP = YES;
				DEBUG_INFORMATION_FORMAT = "dwarf-with-dsym";
				ENABLE_NS_ASSERTIONS = NO;
				ENABLE_STRICT_OBJC_MSGSEND = YES;
				ENABLE_USER_SCRIPT_SANDBOXING = NO;
				"EXCLUDED_ARCHS[sdk=iphonesimulator*]" = "";
				GCC_C_LANGUAGE_STANDARD = gnu99;
				GCC_NO_COMMON_BLOCKS = YES;
				GCC_WARN_64_TO_32_BIT_CONVERSION = YES;
				GCC_WARN_ABOUT_RETURN_TYPE = YES_ERROR;
				GCC_WARN_UNDECLARED_SELECTOR = YES;
				GCC_WARN_UNINITIALIZED_AUTOS = YES_AGGRESSIVE;
				GCC_WARN_UNUSED_FUNCTION = YES;
				GCC_WARN_UNUSED_VARIABLE = YES;
				IPHONEOS_DEPLOYMENT_TARGET = 15.1;
				LD_RUNPATH_SEARCH_PATHS = (
					/usr/lib/swift,
					"$(inherited)",
				);
				LIBRARY_SEARCH_PATHS = (
					"\"$(SDKROOT)/usr/lib/swift\"",
					"\"$(TOOLCHAIN_DIR)/usr/lib/swift/$(PLATFORM_NAME)\"",
					"\"$(inherited)\"",
				);
				MTL_ENABLE_DEBUG_INFO = NO;
				OTHER_CPLUSPLUSFLAGS = (
					"$(OTHER_CFLAGS)",
					"-DFOLLY_NO_CONFIG",
					"-DFOLLY_MOBILE=1",
					"-DFOLLY_USE_LIBCPP=1",
					"-DFOLLY_CFG_NO_COROUTINES=1",
					"-DFOLLY_HAVE_CLOCK_GETTIME=1",
				);
				OTHER_LDFLAGS = (
					"$(inherited)",
					" ",
				);
				REACT_NATIVE_PATH = "${PODS_ROOT}/../../node_modules/react-native";
				RUN_CLANG_STATIC_ANALYZER = NO;
				SDKROOT = iphoneos;
				TARGETED_DEVICE_FAMILY = "1,2";
				USE_HERMES = true;
				VALIDATE_PRODUCT = YES;
			};
			name = Release;
		};
/* End XCBuildConfiguration section */

/* Begin XCConfigurationList section */
		13B07F931A680F5B00A75B9A /* Build configuration list for PBXNativeTarget "Budget365" */ = {
			isa = XCConfigurationList;
			buildConfigurations = (
				13B07F941A680F5B00A75B9A /* Debug */,
				13B07F951A680F5B00A75B9A /* Release */,
			);
			defaultConfigurationIsVisible = 0;
			defaultConfigurationName = Release;
		};
		83CBB9FA1A601CBA00E9B192 /* Build configuration list for PBXProject "Budget365" */ = {
			isa = XCConfigurationList;
			buildConfigurations = (
				83CBBA201A601CBA00E9B192 /* Debug */,
				83CBBA211A601CBA00E9B192 /* Release */,
			);
			defaultConfigurationIsVisible = 0;
			defaultConfigurationName = Release;
		};
		D57C99852D33525A37911BFE /* Build configuration list for PBXNativeTarget "Budget365Widget" */ = {
			isa = XCConfigurationList;
			buildConfigurations = (
				43B4A6DD6B782BE3F896FF8E /* Release */,
				412E2C0A29320B74921FA179 /* Debug */,
			);
			defaultConfigurationIsVisible = 0;
			defaultConfigurationName = Release;
		};
/* End XCConfigurationList section */
	};
	rootObject = 83CBB9F71A601CBA00E9B192 /* Project object */;
}
